// !$*UTF8*$!
{
	archiveVersion = 1;
	classes = {
	};
	objectVersion = 50;
	objects = {

/* Begin PBXBuildFile section */
		1A0A74CE2629221E00AED86E /* libfbxsdk.dylib in Embed Libraries */ = {isa = PBXBuildFile; fileRef = 1A0A74CD2629221E00AED86E /* libfbxsdk.dylib */; settings = {ATTRIBUTES = (CodeSignOnCopy, ); }; };
		1A0A74D02629223F00AED86E /* libfbxsdk.a in Frameworks */ = {isa = PBXBuildFile; fileRef = 1A0A74CF2629223F00AED86E /* libfbxsdk.a */; };
		1AA28A7B2628127C0031B6AE /* main.cpp in Sources */ = {isa = PBXBuildFile; fileRef = 1AA28A7A2628127C0031B6AE /* main.cpp */; };
		1AA28AD926282FD70031B6AE /* VertexCache.cpp in Sources */ = {isa = PBXBuildFile; fileRef = 1AA28AD426282FD70031B6AE /* VertexCache.cpp */; };
		1AA28ADA26282FD70031B6AE /* NvTriStripObjects.cpp in Sources */ = {isa = PBXBuildFile; fileRef = 1AA28AD626282FD70031B6AE /* NvTriStripObjects.cpp */; };
		1AA28ADB26282FD70031B6AE /* NvTriStrip.cpp in Sources */ = {isa = PBXBuildFile; fileRef = 1AA28AD726282FD70031B6AE /* NvTriStrip.cpp */; };
/* End PBXBuildFile section */

/* Begin PBXCopyFilesBuildPhase section */
		1A0A74CC26291C7600AED86E /* Embed Libraries */ = {
			isa = PBXCopyFilesBuildPhase;
			buildActionMask = 12;
			dstPath = "";
			dstSubfolderSpec = 10;
			files = (
				1A0A74CE2629221E00AED86E /* libfbxsdk.dylib in Embed Libraries */,
			);
			name = "Embed Libraries";
			runOnlyForDeploymentPostprocessing = 0;
		};
		1AA28A6C262811C30031B6AE /* CopyFiles */ = {
			isa = PBXCopyFilesBuildPhase;
			buildActionMask = 2147483647;
			dstPath = /usr/share/man/man1/;
			dstSubfolderSpec = 0;
			files = (
			);
			runOnlyForDeploymentPostprocessing = 1;
		};
/* End PBXCopyFilesBuildPhase section */

/* Begin PBXFileReference section */
		1A0A74C926291C7600AED86E /* libfbxsdk.dylib */ = {isa = PBXFileReference; lastKnownFileType = "compiled.mach-o.dylib"; name = libfbxsdk.dylib; path = "/Applications/Autodesk/FBX SDK/2015.1/lib/clang/debug/libfbxsdk.dylib"; sourceTree = "<group>"; };
		1A0A74CD2629221E00AED86E /* libfbxsdk.dylib */ = {isa = PBXFileReference; lastKnownFileType = "compiled.mach-o.dylib"; name = libfbxsdk.dylib; path = "/Applications/Autodesk/FBX SDK/2015.1/lib/clang/release/libfbxsdk.dylib"; sourceTree = "<group>"; };
		1A0A74CF2629223F00AED86E /* libfbxsdk.a */ = {isa = PBXFileReference; lastKnownFileType = archive.ar; name = libfbxsdk.a; path = "/Applications/Autodesk/FBX SDK/2015.1/lib/clang/release/libfbxsdk.a"; sourceTree = "<group>"; };
		1AA28A6E262811C30031B6AE /* FbxToTrueSkate */ = {isa = PBXFileReference; explicitFileType = "compiled.mach-o.executable"; includeInIndex = 0; path = FbxToTrueSkate; sourceTree = BUILT_PRODUCTS_DIR; };
		1AA28A7A2628127C0031B6AE /* main.cpp */ = {isa = PBXFileReference; fileEncoding = 4; lastKnownFileType = sourcecode.cpp.cpp; name = main.cpp; path = ../../main.cpp; sourceTree = SOURCE_ROOT; };
		1AA28AD326282FC70031B6AE /* NvTriStrip.h */ = {isa = PBXFileReference; fileEncoding = 4; lastKnownFileType = sourcecode.c.h; name = NvTriStrip.h; path = ../../NvTriStrip/include/NvTriStrip.h; sourceTree = SOURCE_ROOT; };
		1AA28AD426282FD70031B6AE /* VertexCache.cpp */ = {isa = PBXFileReference; fileEncoding = 4; lastKnownFileType = sourcecode.cpp.cpp; name = VertexCache.cpp; path = ../../NvTriStrip/src/NvTriStrip/VertexCache.cpp; sourceTree = SOURCE_ROOT; };
		1AA28AD526282FD70031B6AE /* NvTriStripObjects.h */ = {isa = PBXFileReference; fileEncoding = 4; lastKnownFileType = sourcecode.c.h; name = NvTriStripObjects.h; path = ../../NvTriStrip/src/NvTriStrip/NvTriStripObjects.h; sourceTree = SOURCE_ROOT; };
		1AA28AD626282FD70031B6AE /* NvTriStripObjects.cpp */ = {isa = PBXFileReference; fileEncoding = 4; lastKnownFileType = sourcecode.cpp.cpp; name = NvTriStripObjects.cpp; path = ../../NvTriStrip/src/NvTriStrip/NvTriStripObjects.cpp; sourceTree = SOURCE_ROOT; };
		1AA28AD726282FD70031B6AE /* NvTriStrip.cpp */ = {isa = PBXFileReference; fileEncoding = 4; lastKnownFileType = sourcecode.cpp.cpp; name = NvTriStrip.cpp; path = ../../NvTriStrip/src/NvTriStrip/NvTriStrip.cpp; sourceTree = SOURCE_ROOT; };
		1AA28AD826282FD70031B6AE /* VertexCache.h */ = {isa = PBXFileReference; fileEncoding = 4; lastKnownFileType = sourcecode.c.h; name = VertexCache.h; path = ../../NvTriStrip/src/NvTriStrip/VertexCache.h; sourceTree = SOURCE_ROOT; };
/* End PBXFileReference section */

/* Begin PBXFrameworksBuildPhase section */
		1AA28A6B262811C30031B6AE /* Frameworks */ = {
			isa = PBXFrameworksBuildPhase;
			buildActionMask = 2147483647;
			files = (
				1A0A74D02629223F00AED86E /* libfbxsdk.a in Frameworks */,
			);
			runOnlyForDeploymentPostprocessing = 0;
		};
/* End PBXFrameworksBuildPhase section */

/* Begin PBXGroup section */
		1AA28A65262811C30031B6AE = {
			isa = PBXGroup;
			children = (
				1A0A74CD2629221E00AED86E /* libfbxsdk.dylib */,
				1AA28A70262811C30031B6AE /* FbxToTrueSkate */,
				1AA28A6F262811C30031B6AE /* Products */,
				1AA28A7E2628143C0031B6AE /* Frameworks */,
			);
			sourceTree = "<group>";
		};
		1AA28A6F262811C30031B6AE /* Products */ = {
			isa = PBXGroup;
			children = (
				1AA28A6E262811C30031B6AE /* FbxToTrueSkate */,
			);
			name = Products;
			sourceTree = "<group>";
		};
		1AA28A70262811C30031B6AE /* FbxToTrueSkate */ = {
			isa = PBXGroup;
			children = (
				1AA28AD226282FB60031B6AE /* NvTriStrip */,
				1AA28A7A2628127C0031B6AE /* main.cpp */,
			);
			path = FbxToTrueSkate;
			sourceTree = "<group>";
		};
		1AA28A7E2628143C0031B6AE /* Frameworks */ = {
			isa = PBXGroup;
			children = (
				1A0A74CF2629223F00AED86E /* libfbxsdk.a */,
				1A0A74C926291C7600AED86E /* libfbxsdk.dylib */,
			);
			name = Frameworks;
			sourceTree = "<group>";
		};
		1AA28AD226282FB60031B6AE /* NvTriStrip */ = {
			isa = PBXGroup;
			children = (
				1AA28AD726282FD70031B6AE /* NvTriStrip.cpp */,
				1AA28AD626282FD70031B6AE /* NvTriStripObjects.cpp */,
				1AA28AD526282FD70031B6AE /* NvTriStripObjects.h */,
				1AA28AD426282FD70031B6AE /* VertexCache.cpp */,
				1AA28AD826282FD70031B6AE /* VertexCache.h */,
				1AA28AD326282FC70031B6AE /* NvTriStrip.h */,
			);
			path = NvTriStrip;
			sourceTree = "<group>";
		};
/* End PBXGroup section */

/* Begin PBXNativeTarget section */
		1AA28A6D262811C30031B6AE /* FbxToTrueSkate */ = {
			isa = PBXNativeTarget;
			buildConfigurationList = 1AA28A75262811C30031B6AE /* Build configuration list for PBXNativeTarget "FbxToTrueSkate" */;
			buildPhases = (
				1A0A74CC26291C7600AED86E /* Embed Libraries */,
				1AA28A6A262811C30031B6AE /* Sources */,
				1AA28A6B262811C30031B6AE /* Frameworks */,
				1AA28A6C262811C30031B6AE /* CopyFiles */,
			);
			buildRules = (
			);
			dependencies = (
			);
			name = FbxToTrueSkate;
			productName = FbxToTrueSkate;
			productReference = 1AA28A6E262811C30031B6AE /* FbxToTrueSkate */;
			productType = "com.apple.product-type.tool";
		};
/* End PBXNativeTarget section */

/* Begin PBXProject section */
		1AA28A66262811C30031B6AE /* Project object */ = {
			isa = PBXProject;
			attributes = {
				LastUpgradeCheck = 1240;
				TargetAttributes = {
					1AA28A6D262811C30031B6AE = {
						CreatedOnToolsVersion = 12.4;
					};
				};
			};
			buildConfigurationList = 1AA28A69262811C30031B6AE /* Build configuration list for PBXProject "FbxToTrueSkate" */;
			compatibilityVersion = "Xcode 9.3";
			developmentRegion = en;
			hasScannedForEncodings = 0;
			knownRegions = (
				en,
				Base,
			);
			mainGroup = 1AA28A65262811C30031B6AE;
			productRefGroup = 1AA28A6F262811C30031B6AE /* Products */;
			projectDirPath = "";
			projectRoot = "";
			targets = (
				1AA28A6D262811C30031B6AE /* FbxToTrueSkate */,
			);
		};
/* End PBXProject section */

/* Begin PBXSourcesBuildPhase section */
		1AA28A6A262811C30031B6AE /* Sources */ = {
			isa = PBXSourcesBuildPhase;
			buildActionMask = 2147483647;
			files = (
				1AA28ADB26282FD70031B6AE /* NvTriStrip.cpp in Sources */,
				1AA28AD926282FD70031B6AE /* VertexCache.cpp in Sources */,
				1AA28ADA26282FD70031B6AE /* NvTriStripObjects.cpp in Sources */,
				1AA28A7B2628127C0031B6AE /* main.cpp in Sources */,
			);
			runOnlyForDeploymentPostprocessing = 0;
		};
/* End PBXSourcesBuildPhase section */

/* Begin XCBuildConfiguration section */
		1AA28A73262811C30031B6AE /* Debug */ = {
			isa = XCBuildConfiguration;
			buildSettings = {
				ALWAYS_SEARCH_USER_PATHS = NO;
				CLANG_ANALYZER_NONNULL = YES;
				CLANG_ANALYZER_NUMBER_OBJECT_CONVERSION = YES_AGGRESSIVE;
				CLANG_CXX_LANGUAGE_STANDARD = "gnu++14";
				CLANG_CXX_LIBRARY = "libc++";
				CLANG_ENABLE_MODULES = YES;
				CLANG_ENABLE_OBJC_ARC = YES;
				CLANG_ENABLE_OBJC_WEAK = YES;
				CLANG_WARN_BLOCK_CAPTURE_AUTORELEASING = YES;
				CLANG_WARN_BOOL_CONVERSION = YES;
				CLANG_WARN_COMMA = YES;
				CLANG_WARN_CONSTANT_CONVERSION = YES;
				CLANG_WARN_DEPRECATED_OBJC_IMPLEMENTATIONS = YES;
				CLANG_WARN_DIRECT_OBJC_ISA_USAGE = YES_ERROR;
				CLANG_WARN_DOCUMENTATION_COMMENTS = YES;
				CLANG_WARN_EMPTY_BODY = YES;
				CLANG_WARN_ENUM_CONVERSION = YES;
				CLANG_WARN_INFINITE_RECURSION = YES;
				CLANG_WARN_INT_CONVERSION = YES;
				CLANG_WARN_NON_LITERAL_NULL_CONVERSION = YES;
				CLANG_WARN_OBJC_IMPLICIT_RETAIN_SELF = YES;
				CLANG_WARN_OBJC_LITERAL_CONVERSION = YES;
				CLANG_WARN_OBJC_ROOT_CLASS = YES_ERROR;
				CLANG_WARN_QUOTED_INCLUDE_IN_FRAMEWORK_HEADER = YES;
				CLANG_WARN_RANGE_LOOP_ANALYSIS = YES;
				CLANG_WARN_STRICT_PROTOTYPES = YES;
				CLANG_WARN_SUSPICIOUS_MOVE = YES;
				CLANG_WARN_UNGUARDED_AVAILABILITY = YES_AGGRESSIVE;
				CLANG_WARN_UNREACHABLE_CODE = YES;
				CLANG_WARN__DUPLICATE_METHOD_MATCH = YES;
				COPY_PHASE_STRIP = NO;
				DEBUG_INFORMATION_FORMAT = dwarf;
				ENABLE_STRICT_OBJC_MSGSEND = YES;
				ENABLE_TESTABILITY = YES;
				GCC_C_LANGUAGE_STANDARD = gnu11;
				GCC_DYNAMIC_NO_PIC = NO;
				GCC_NO_COMMON_BLOCKS = YES;
				GCC_OPTIMIZATION_LEVEL = 0;
				GCC_PREPROCESSOR_DEFINITIONS = (
					"DEBUG=1",
					"$(inherited)",
				);
				GCC_WARN_64_TO_32_BIT_CONVERSION = YES;
				GCC_WARN_ABOUT_RETURN_TYPE = YES_ERROR;
				GCC_WARN_UNDECLARED_SELECTOR = YES;
				GCC_WARN_UNINITIALIZED_AUTOS = YES_AGGRESSIVE;
				GCC_WARN_UNUSED_FUNCTION = YES;
				GCC_WARN_UNUSED_VARIABLE = YES;
				"HEADER_SEARCH_PATHS[arch=*]" = "\"/Applications/Autodesk/FBX SDK/2015.1/include\"/**";
				MACOSX_DEPLOYMENT_TARGET = 11.1;
				MTL_ENABLE_DEBUG_INFO = INCLUDE_SOURCE;
				MTL_FAST_MATH = YES;
				ONLY_ACTIVE_ARCH = YES;
				SDKROOT = macosx;
			};
			name = Debug;
		};
		1AA28A74262811C30031B6AE /* Release */ = {
			isa = XCBuildConfiguration;
			buildSettings = {
				ALWAYS_SEARCH_USER_PATHS = NO;
				CLANG_ANALYZER_NONNULL = YES;
				CLANG_ANALYZER_NUMBER_OBJECT_CONVERSION = YES_AGGRESSIVE;
				CLANG_CXX_LANGUAGE_STANDARD = "gnu++14";
				CLANG_CXX_LIBRARY = "libc++";
				CLANG_ENABLE_MODULES = YES;
				CLANG_ENABLE_OBJC_ARC = YES;
				CLANG_ENABLE_OBJC_WEAK = YES;
				CLANG_WARN_BLOCK_CAPTURE_AUTORELEASING = YES;
				CLANG_WARN_BOOL_CONVERSION = YES;
				CLANG_WARN_COMMA = YES;
				CLANG_WARN_CONSTANT_CONVERSION = YES;
				CLANG_WARN_DEPRECATED_OBJC_IMPLEMENTATIONS = YES;
				CLANG_WARN_DIRECT_OBJC_ISA_USAGE = YES_ERROR;
				CLANG_WARN_DOCUMENTATION_COMMENTS = YES;
				CLANG_WARN_EMPTY_BODY = YES;
				CLANG_WARN_ENUM_CONVERSION = YES;
				CLANG_WARN_INFINITE_RECURSION = YES;
				CLANG_WARN_INT_CONVERSION = YES;
				CLANG_WARN_NON_LITERAL_NULL_CONVERSION = YES;
				CLANG_WARN_OBJC_IMPLICIT_RETAIN_SELF = YES;
				CLANG_WARN_OBJC_LITERAL_CONVERSION = YES;
				CLANG_WARN_OBJC_ROOT_CLASS = YES_ERROR;
				CLANG_WARN_QUOTED_INCLUDE_IN_FRAMEWORK_HEADER = YES;
				CLANG_WARN_RANGE_LOOP_ANALYSIS = YES;
				CLANG_WARN_STRICT_PROTOTYPES = YES;
				CLANG_WARN_SUSPICIOUS_MOVE = YES;
				CLANG_WARN_UNGUARDED_AVAILABILITY = YES_AGGRESSIVE;
				CLANG_WARN_UNREACHABLE_CODE = YES;
				CLANG_WARN__DUPLICATE_METHOD_MATCH = YES;
				COPY_PHASE_STRIP = NO;
				DEBUG_INFORMATION_FORMAT = "dwarf-with-dsym";
				ENABLE_NS_ASSERTIONS = NO;
				ENABLE_STRICT_OBJC_MSGSEND = YES;
				GCC_C_LANGUAGE_STANDARD = gnu11;
				GCC_NO_COMMON_BLOCKS = YES;
				GCC_WARN_64_TO_32_BIT_CONVERSION = YES;
				GCC_WARN_ABOUT_RETURN_TYPE = YES_ERROR;
				GCC_WARN_UNDECLARED_SELECTOR = YES;
				GCC_WARN_UNINITIALIZED_AUTOS = YES_AGGRESSIVE;
				GCC_WARN_UNUSED_FUNCTION = YES;
				GCC_WARN_UNUSED_VARIABLE = YES;
				"HEADER_SEARCH_PATHS[arch=*]" = "\"/Applications/Autodesk/FBX SDK/2015.1/include\"/**";
				MACOSX_DEPLOYMENT_TARGET = 11.1;
				MTL_ENABLE_DEBUG_INFO = NO;
				MTL_FAST_MATH = YES;
				SDKROOT = macosx;
			};
			name = Release;
		};
		1AA28A76262811C30031B6AE /* Debug */ = {
			isa = XCBuildConfiguration;
			buildSettings = {
				CODE_SIGN_STYLE = Automatic;
				EXCLUDED_ARCHS = arm64;
				FRAMEWORK_SEARCH_PATHS = "\"/Applications/Autodesk/FBX SDK/2015.1\"/**";
				"HEADER_SEARCH_PATHS[arch=*]" = "\"/Applications/Autodesk/FBX SDK/2015.1/include\"/**";
				LIBRARY_SEARCH_PATHS = "\"/Applications/Autodesk/FBX SDK/2015.1\"/**";
				PRODUCT_NAME = "$(TARGET_NAME)";
			};
			name = Debug;
		};
		1AA28A77262811C30031B6AE /* Release */ = {
			isa = XCBuildConfiguration;
			buildSettings = {
				CODE_SIGN_STYLE = Automatic;
				EXCLUDED_ARCHS = arm64;
				FRAMEWORK_SEARCH_PATHS = "\"/Applications/Autodesk/FBX SDK/2015.1\"/**";
				"HEADER_SEARCH_PATHS[arch=*]" = "\"/Applications/Autodesk/FBX SDK/2015.1/include\"/**";
				LIBRARY_SEARCH_PATHS = "\"/Applications/Autodesk/FBX SDK/2015.1\"/**";
				PRODUCT_NAME = "$(TARGET_NAME)";
			};
			name = Release;
		};
/* End XCBuildConfiguration section */

/* Begin XCConfigurationList section */
		1AA28A69262811C30031B6AE /* Build configuration list for PBXProject "FbxToTrueSkate" */ = {
			isa = XCConfigurationList;
			buildConfigurations = (
				1AA28A73262811C30031B6AE /* Debug */,
				1AA28A74262811C30031B6AE /* Release */,
			);
			defaultConfigurationIsVisible = 0;
			defaultConfigurationName = Release;
		};
		1AA28A75262811C30031B6AE /* Build configuration list for PBXNativeTarget "FbxToTrueSkate" */ = {
			isa = XCConfigurationList;
			buildConfigurations = (
				1AA28A76262811C30031B6AE /* Debug */,
				1AA28A77262811C30031B6AE /* Release */,
			);
			defaultConfigurationIsVisible = 0;
			defaultConfigurationName = Release;
		};
/* End XCConfigurationList section */
	};
	rootObject = 1AA28A66262811C30031B6AE /* Project object */;
}
